# This file was autogenerated by Stack.
# You should not edit this file by hand.
# For more information, please see the documentation at:
#   https://docs.haskellstack.org/en/stable/lock_files

packages:
- completed:
    hackage: async-2.2.1@sha256:f747a6bf31b355860a8f3401d0fa11d65db1129ff404a27138048ecea261198c,2992
    pantry-tree:
      size: 500
      sha256: 346e49a475933f29edd8dc1019fbcf7103ea93d182470b0464d26c6d180e2457
  original:
    hackage: async-2.2.1
- completed:
    hackage: attoparsec-0.13.2.2@sha256:78a59a910cfb22594d80ded191174c8f29450cf294e27871bf45b7500d9bb1b8,5841
    pantry-tree:
      size: 5230
      sha256: 6499fb9b23585dd7045455d35aa76540bd98099bcf94fcef744c61132dafdbc5
  original:
    hackage: attoparsec-0.13.2.2
- completed:
    hackage: case-insensitive-1.2.0.11@sha256:ca2f237cba5db9c9c4238d41a7d8b583c5ca0ce8491de4027b26b17793fc3a87,2245
    pantry-tree:
      size: 688
      sha256: a031bc602203749e9e0d213affbc5de106680e22cd90df2c39fdb79b0e7f0611
  original:
    hackage: case-insensitive-1.2.0.11
- completed:
    hackage: fgl-5.6.0.0@sha256:e068fbadbefeb7dba1c433e8bba9402c753566a24c4e3cdbfdfe656d58b8259f,3595
    pantry-tree:
      size: 2748
      sha256: 1710af15f11a804ed78e9af2107199836f2a800208df587684bf6357b8d2e7c1
  original:
    hackage: fgl-5.6.0.0
- completed:
    hackage: GLURaw-2.0.0.4@sha256:4cf1d891f1960a941ff315eae8e229cfd6e36fc793d6546d837e866d9de13f8d,2378
    pantry-tree:
      size: 712
      sha256: 7c1df3644b96a8b3f91c935521e5e7ab578b14135324a807eb54acd0bce957b9
  original:
    hackage: GLURaw-2.0.0.4
- completed:
    hackage: GLUT-2.7.0.14@sha256:d8edd23667af09613a9f36a1c11b73d601728ba6fb60c53c8f1b8998068d5451,24054
    pantry-tree:
      size: 9538
      sha256: 0de6e249c699de78e76e85ac4e14ccb86fc1d778735419caa5691af80e7d20dd
  original:
    hackage: GLUT-2.7.0.14
- completed:
    hackage: hashable-1.2.7.0@sha256:03b6836ca9cd3ad0e5a2f3cce989b001dd0e05f306a873db3196037adb30e0a4,5215
    pantry-tree:
      size: 1514
      sha256: 901c4f10bcf6bda842b849950a2767c918f4ed59fa8885f7c945dd6c7e763332
  original:
    hackage: hashable-1.2.7.0
- completed:
    hackage: haskell-src-1.0.3.0@sha256:2d1ede49af4ff4a6943e27a7631cf41e489fc43ad6ac495e6dcb7276355a3956,1890
    pantry-tree:
      size: 621
      sha256: 81ea7e131e5ba7e86e9ca60ea01c787461dd9e7dda3225e8902941be8fc06bfa
  original:
    hackage: haskell-src-1.0.3.0
- completed:
    hackage: html-1.0.1.2@sha256:b6164bd09d2c561f2271599dc53ed9ce243ae6926a5d8896dee58ed1e2353c99,370
    pantry-tree:
      size: 316
      sha256: 27e18d2f7c8fbd48cd3200a93d73c53c54b923fe762ec476a643d3c083ebbb30
  original:
    hackage: html-1.0.1.2
- completed:
    hackage: HTTP-4000.3.12@sha256:0c551ef7495be186408848c125163af372b2916e4964b72cc7fa111beeef86bf,6008
    pantry-tree:
      size: 1428
      sha256: 1e790f86b0bc29eea8d052f32d13bc3d5373172e8270f0a3a0b2fe1872f3d5bc
  original:
    hackage: HTTP-4000.3.12
- completed:
    hackage: HUnit-1.6.0.0@sha256:50227a528dca2c0d1fc8b14f8d7f4613d374cc1a525e955ebe9283823dad93a3,1687
    pantry-tree:
      size: 878
      sha256: f618046a39e014dc9e371b4fcf7e62d8aced13198b470ace71a4858418de720e
  original:
    hackage: HUnit-1.6.0.0
- completed:
    hackage: network-2.6.3.6@sha256:1ca79d81af02d7acd6032d5e6c9bde4618a8fdcfbe19bd42b49d420183975df0,2666
    pantry-tree:
      size: 2254
      sha256: 56285baa11d679521837e1f41311a1aeafa522e7637d408d3decd99c083edba1
  original:
    hackage: network-2.6.3.6
- completed:
    hackage: OpenGL-3.0.2.2@sha256:9a016ca9d771485a4bd1dbc1e7578a78bee57d6e3f715f9d8fd57b97e55ca984,7793
    pantry-tree:
      size: 11166
      sha256: d3d4523af1c55999b1097c274941808bf795f15bf1d3289006b243ec701913bf
  original:
    hackage: OpenGL-3.0.2.2
- completed:
    hackage: OpenGLRaw-3.3.1.0@sha256:5364ba19a42c02a348be99baa461fc7e6d7908b3da02e0d29cf086730cbc3ac7,25057
    pantry-tree:
      size: 47836
      sha256: 1459928051b36bab59561602775bd2dcf869c3726f36bf2b49c9600e16a3d1f2
  original:
    hackage: OpenGLRaw-3.3.1.0
- completed:
    hackage: parallel-3.2.2.0@sha256:421ce1717610bab82969572b96be89d83ea8d8afe7751cb54d80b996fff063d3,1817
    pantry-tree:
      size: 392
      sha256: 6bfa287011af901266cde7a7616f0f1d46afd60bd1584d8eba87e86028f0ac72
  original:
    hackage: parallel-3.2.2.0
- completed:
    hackage: primitive-0.6.4.0@sha256:5b6a2c3cc70a35aabd4565fcb9bb1dd78fe2814a36e62428a9a1aae8c32441a1,2079
    pantry-tree:
      size: 1517
      sha256: 5d5e591311664886e88ade3da6880c32adf0d1fe80c55f40a3c93bb91df8fdeb
  original:
    hackage: primitive-0.6.4.0
- completed:
    hackage: QuickCheck-2.11.3@sha256:5e8e84718b2a47ba2986732adf9fd8888f2bef965854ed3a0beb14e8da938389,5499
    pantry-tree:
      size: 1862
      sha256: b2865f6c8f139e8429d287b3e7179e8ca4ef2ab97c5b547657ca8f49276a801f
  original:
    hackage: QuickCheck-2.11.3
- completed:
    hackage: random-1.1@sha256:7b67624fd76ddf97c206de0801dc7e888097e9d572974be9b9ea6551d76965df,1777
    pantry-tree:
      size: 637
      sha256: 14a1b01728c5584e87c9fa00746a66e28ffd89dd2c0eabd334c8463953496e1b
  original:
    hackage: random-1.1
- completed:
    hackage: regex-base-0.93.2@sha256:6d4307e6732c9b3c01fa6b7c6e2c2e578dc844804b9de73dc55832de4b1d7a36,2035
    pantry-tree:
      size: 414
      sha256: 2a73603e5b1111aee45fa05b24aca7d7df7f0f1a277115969f04b5e5ed7efb41
  original:
    hackage: regex-base-0.93.2
- completed:
    hackage: regex-compat-0.95.1@sha256:2891bccc0ca8d020928d73a99d54a6a17434e907871a9d8d3f80e299c125e379,1738
    pantry-tree:
      size: 210
      sha256: 81d47511243f705072a7cdd5a8647c76871787b7ddf57e5b5cdb9f3cc11678bd
  original:
    hackage: regex-compat-0.95.1
- completed:
    hackage: regex-posix-0.95.2@sha256:08588c9e6e560f515009813702bf7dee5fcd21ef82e4e0d4c8a38f956be534ff,3895
    pantry-tree:
      size: 1295
      sha256: 5740088a856af5ef97dd822ea67a74063dfb97701bbe6c2e91500d1d94d06ebf
  original:
    hackage: regex-posix-0.95.2
- completed:
    hackage: split-0.2.3.3@sha256:64c8e45b8f74dc16b6329d99d9d9b1c47d6abae146d7d7e3ec3317dcb5660bb1,2615
    pantry-tree:
      size: 439
      sha256: ff3e20c0927928739a86e15f9b2c160353a4c4d57ca336b9630e31e7e617e2a8
  original:
    hackage: split-0.2.3.3
- completed:
    hackage: syb-0.7@sha256:ee9f11d2717deaaa01a1f5b8acd08a4c41d34ca02f9aae69514e597d64890943,2462
    pantry-tree:
      size: 3345
      sha256: 68b0eb829717ee5121b1a640c76efd2df7b7f6936c66eb7d13eb176f06378c22
  original:
    hackage: syb-0.7
- completed:
    hackage: tf-random-0.5@sha256:14012837d0f0e18fdbbe3d56e67da8622ee5e20b180abce952dd50bd9f36b326,3983
    pantry-tree:
      size: 941
      sha256: d6483580cfea846cbf23ff1d7a67849546d5096425b6d61318a34554043b4ffb
  original:
    hackage: tf-random-0.5
- completed:
    hackage: unordered-containers-0.2.9.0@sha256:124a5241860711a0e5c10e94d8aec8a127f0094df7a537cc1786e198d7571dfe,4811
    pantry-tree:
      size: 1286
      sha256: 37fc4cc06e26c284a9da4f1cab80967bd898d0cd4be06aad74bb2f2c14daca1f
  original:
    hackage: unordered-containers-0.2.9.0
- completed:
    hackage: vector-0.12.0.1@sha256:3d644fff350ee3eee2896e4d00cb45e73956f2862f0b18ee502282702682b978,7073
    pantry-tree:
      size: 3429
      sha256: 1805ffc336afbeba30d053807665da94b20427d156ada4c7e9180f9da0e2bd43
  original:
    hackage: vector-0.12.0.1
- completed:
    hackage: zlib-0.6.2@sha256:cacd6d53982542b6028b48ab59b45f1c216fa52a50eecba98765b3accac730f2,4500
    pantry-tree:
      size: 2536
      sha256: 808e2f29824927d17ca382e70021b580ad494259ca5140f65e07074328e94f65
  original:
    hackage: zlib-0.6.2
snapshots: []
