# This file was autogenerated by Stack.
# You should not edit this file by hand.
# For more information, please see the documentation at:
#   https://docs.haskellstack.org/en/stable/lock_files

packages:
- completed:
    hackage: mtl-2.2.2@sha256:1050fb71acd9f5d67da7d992583f5bd0eb14407b9dc7acc122af1b738b706ca3,2261
    pantry-tree:
      size: 1713
      sha256: b8bdc2259e2f943a7252fb164805666fe108ac959d398e0af27b43ba2ebc241c
  original:
    hackage: mtl-2.2.2
- completed:
    hackage: split-0.2.3@sha256:9a50258abc162f6740c9facdc621ebe9f3caa0400e7bd8a542145ee28df18e6f,2506
    pantry-tree:
      size: 439
      sha256: ec9f132ce6715c256372f85c59f600d8ab0be9b6081a5030f2c33cdfcd6eb1ca
  original:
    hackage: split-0.2.3
snapshots: []
