# This file was autogenerated by Stack.
# You should not edit this file by hand.
# For more information, please see the documentation at:
#   https://docs.haskellstack.org/en/stable/lock_files

packages:
- completed:
    hackage: mtl-2.2.1@sha256:4b5a800fe9edf168fc7ae48c7a3fc2aab6b418ac15be2f1dad43c0f48a494a3b,1749
    pantry-tree:
      size: 1657
      sha256: 7f3b116a813cce7e41f71abaad5e30e9d6c219a8801d8f4c4ba28e4e9329e72e
  original:
    hackage: mtl-2.2.1
snapshots: []
