# This file was autogenerated by Stack.
# You should not edit this file by hand.
# For more information, please see the documentation at:
#   https://docs.haskellstack.org/en/stable/lock_files

packages:
- completed:
    hackage: mtl-2.2.2@sha256:1050fb71acd9f5d67da7d992583f5bd0eb14407b9dc7acc122af1b738b706ca3,2261
    pantry-tree:
      size: 1713
      sha256: b8bdc2259e2f943a7252fb164805666fe108ac959d398e0af27b43ba2ebc241c
  original:
    hackage: mtl-2.2.2
- completed:
    hackage: vector-0.11.0.0@sha256:2bfafd758ab4d80fa7a16b0a650aff60fb1be109728bed6ede144baf1f744ace,6061
    pantry-tree:
      size: 3356
      sha256: 93d1e4b68d07dcd7ad296de97d987d15b8aae53a857c8bc8b6a9b00e86d8dcd2
  original:
    hackage: vector-0.11.0.0
- completed:
    hackage: primitive-0.6.1.0@sha256:6ec7c2455c437aba71f856b797e7db440c83719509aa63a9a3d1b4652ca3683d,1941
    pantry-tree:
      size: 1054
      sha256: 20392469fdee1af6cd58f492fa62b1af780600bbae088884efb7f42e1d31c8d4
  original:
    hackage: primitive-0.6.1.0
snapshots: []
