# This file was autogenerated by Stack.
# You should not edit this file by hand.
# For more information, please see the documentation at:
#   https://docs.haskellstack.org/en/stable/lock_files

packages:
- completed:
    hackage: alex-3.1.7@sha256:bd647b9fac1b1cae339a158925a237e671d91ec1d3d898d813c617f12fc6ee5a,2872
    pantry-tree:
      size: 4019
      sha256: 3beab1a50a7ddce5ee6c60fc50855e1f752cd377b2784e4f82a748c898c1c266
  original:
    hackage: alex-3.1.7
- completed:
    hackage: cabal-install-1.24.0.1@sha256:98f8ef922367690961192ad6348b09951ada96c27e25c1a7bd0def438e49889d,18066
    pantry-tree:
      size: 20026
      sha256: 442d2002cca5e062bc1f72050a02f46668b852144bff945cc33b753357864bd4
  original:
    hackage: cabal-install-1.24.0.1
- completed:
    hackage: happy-1.19.5@sha256:fc70418fedcdcf5e235e0eceeee7eeedf485d3833ab312d148cad74f49da70b7,4270
    pantry-tree:
      size: 7715
      sha256: 9a4d3827c491e95e6167d589255e111d0a74df78c1ed38ac138903b72b53e5b3
  original:
    hackage: happy-1.19.5
- completed:
    hackage: hscolour-1.24.1@sha256:150af8beb4bef2e18766df2c8fa9887e648f111f85a1702390765830ef3fa794,1682
    pantry-tree:
      size: 1542
      sha256: 83f41e9b09e419527d29473b38f7d99c4da375e3e44a4a5d52e50c0027ada006
  original:
    hackage: hscolour-1.24.1
- completed:
    hackage: async-2.1.0@sha256:2b23aa16ab74b2f87487bdf2d2321f43dcd9222ba3291a742c9443dbf20a42fe,2125
    pantry-tree:
      size: 383
      sha256: 1196f2d1495324ec27ba8014bc034ad655b54946ac83b673c7af2b5c2e7fd65f
  original:
    hackage: async-2.1.0
- completed:
    hackage: attoparsec-0.13.1.0@sha256:f7da92b572674d3716f11ba63dae612cf1a8f773ffdbec8739594d01855486ce,4924
    pantry-tree:
      size: 5230
      sha256: c788e995439bafc50d45f7845cc48e698ab470df1768de46312c8ab716fafcc8
  original:
    hackage: attoparsec-0.13.1.0
- completed:
    hackage: case-insensitive-1.2.0.7@sha256:209ef267322ecb15ceb25b6a94da0aa5b39cc91320c1c5b632abca75c7a5e7d4,2432
    pantry-tree:
      size: 688
      sha256: 78c1084f214a05980f3fd9eebd7e96873cfbd887c68623b43ea23f172b538e05
  original:
    hackage: case-insensitive-1.2.0.7
- completed:
    hackage: fgl-5.5.3.0@sha256:2c2d53c7f35d2160ef9d7c27d5982eb164e8262885d237c5c70b565cabdaa9f4,3137
    pantry-tree:
      size: 2689
      sha256: d6358983c9916aa2429912c1f2804fe0a3f522b951062e0e0b612aef841eb962
  original:
    hackage: fgl-5.5.3.0
- completed:
    hackage: fixed-0.2.1.1@sha256:2a72de4cfafe7090e7743e4e0955c1c7f5d413d8f77afea7ac0b3fa1b6cce51b,867
    pantry-tree:
      size: 426
      sha256: 6ea1a864bdb68bea686310bc9ed30eeff23b9b72ea7bdc868b8f30068729321c
  original:
    hackage: fixed-0.2.1.1
- completed:
    hackage: GLURaw-2.0.0.2@sha256:1b4fb74fb8a87842250252b4ae44700a29ab8ae34fa8d27799fcad593c2689d5,2346
    pantry-tree:
      size: 712
      sha256: 2d7e3cd244ceb4b03af2af6004e817d043c5926c3263190f28407531f1821ab0
  original:
    hackage: GLURaw-2.0.0.2
- completed:
    hackage: GLUT-2.7.0.10@sha256:233628cc841d77e1641d311ae2a87f8d8d2b59e71ac9a83b073e9cf2acf64ba9,24007
    pantry-tree:
      size: 9537
      sha256: f4eb953acc967111a6243b5467fad90cdf027ac6e823031cd5caef00a4310e1e
  original:
    hackage: GLUT-2.7.0.10
- completed:
    hackage: half-0.2.2.3@sha256:52386a48e7fd42f4a1d49799073bb3d04477168c88b6541d5f66637d7c2e838c,926
    pantry-tree:
      size: 475
      sha256: 28a34975ed0baa0248ce1f0b19088931bd4bde8f520da7ee9afd31a6fac6e30c
  original:
    hackage: half-0.2.2.3
- completed:
    hackage: hashable-1.2.4.0@sha256:33a49b3ea87cc4a0c89a4fd48f19e4807d8c620aff710a048a28cf7d9c9b4620,4271
    pantry-tree:
      size: 1325
      sha256: cb05c31a8ec43f727004e5a6c8e35ff92e0515855a85cb01fa73623683ee4b33
  original:
    hackage: hashable-1.2.4.0
- completed:
    hackage: haskell-src-1.0.2.0@sha256:20f214dfad307379eedfca4c6c8f5d263acd10ed7b42a61fdb656420e0be918e,1551
    pantry-tree:
      size: 701
      sha256: 3aa4e6a9e47c0656c2de2fcf35e51443f0d08d7da844c28cd3bb17bfefcee17d
  original:
    hackage: haskell-src-1.0.2.0
- completed:
    hackage: html-1.0.1.2@sha256:b6164bd09d2c561f2271599dc53ed9ce243ae6926a5d8896dee58ed1e2353c99,370
    pantry-tree:
      size: 316
      sha256: 27e18d2f7c8fbd48cd3200a93d73c53c54b923fe762ec476a643d3c083ebbb30
  original:
    hackage: html-1.0.1.2
- completed:
    hackage: HTTP-4000.3.3@sha256:146f0a10b70788f012c1c69675866a2d5f236d1cbcfefb5d0293f847929a6073,5304
    pantry-tree:
      size: 1428
      sha256: 6c06635a993668e82316c3a89cbbc11451549d7e2affa260c9783a9cd388a0f2
  original:
    hackage: HTTP-4000.3.3
- completed:
    hackage: HUnit-1.3.1.2@sha256:edcc602552fb57ca8d3b1d3e82b3c33e202600c4c89610ce59dc5e1c2016b52b,1404
    pantry-tree:
      size: 858
      sha256: d20ffca620142eedcdc26cf43d2668ab90d2f16137e7899dc8910ccd43700dab
  original:
    hackage: HUnit-1.3.1.2
- completed:
    hackage: mtl-2.2.1@sha256:4b5a800fe9edf168fc7ae48c7a3fc2aab6b418ac15be2f1dad43c0f48a494a3b,1749
    pantry-tree:
      size: 1657
      sha256: 7f3b116a813cce7e41f71abaad5e30e9d6c219a8801d8f4c4ba28e4e9329e72e
  original:
    hackage: mtl-2.2.1
- completed:
    hackage: network-2.6.3.1@sha256:a27e6da69052aa584fbbcaebbfa630afe09650bc39739a766fb339282943b459,3198
    pantry-tree:
      size: 2192
      sha256: a588d7bd638892fdfdb97ead3f8ec2343522aba1b1291975321639dbc0d0ceca
  original:
    hackage: network-2.6.3.1
- completed:
    hackage: network-uri-2.6.1.0@sha256:62cc45c66023e37ef921d5fb546aca56a9c786615e05925fb193a70bf0913690,2310
    pantry-tree:
      size: 268
      sha256: b2ec0a61f2643142b121054a9721fd25989e0c2e276709aa44e4b55b012a8ba5
  original:
    hackage: network-uri-2.6.1.0
- completed:
    hackage: ObjectName-1.1.0.1@sha256:de422b3691ffa4fee0112c750fccc3d2edcab6aa876a0ad71c364f1200f43b52,976
    pantry-tree:
      size: 264
      sha256: d2b1af158e141393d23ce143b8cc2255a62da9af11b08f83d9583a814f0a15ba
  original:
    hackage: ObjectName-1.1.0.1
- completed:
    hackage: OpenGL-3.0.1.0@sha256:ff4050e182d4656b782f397cad82af6f9af782385f36a0d21eb2f94df89d1a2d,7746
    pantry-tree:
      size: 11166
      sha256: d2e109c9d656c543309bcc11d2681c71f8e6d56eb564d3ae646e98c027ed4e73
  original:
    hackage: OpenGL-3.0.1.0
- completed:
    hackage: OpenGLRaw-3.2.3.0@sha256:e7201f971346fe67282ced66fc02f70b3e0d8f7c88e7472c2f609778d955401f,23800
    pantry-tree:
      size: 45268
      sha256: eded0979b6415d9b35c8cc3e646088cfcdca9752f51bff61b270dcbb623000a0
  original:
    hackage: OpenGLRaw-3.2.3.0
- completed:
    hackage: parallel-3.2.1.0@sha256:a8d4f29aa5cf614800498f03b579324a34adcccba3664309321e8515015c440f,1273
    pantry-tree:
      size: 391
      sha256: 29b0f8ac17dc170a2522bb5d3eca89793214c1ecf892199c18aa5911ba70a103
  original:
    hackage: parallel-3.2.1.0
- completed:
    hackage: parsec-3.1.11@sha256:391efabac8959086e5f7c7b08e7bca0a92f99899653276211690d3fe8494385f,2610
    pantry-tree:
      size: 2343
      sha256: 211f52ad447c9edbf519f93637d53803ae4b52e2c282dabac721d65b0b25e45b
  original:
    hackage: parsec-3.1.11
- completed:
    hackage: primitive-0.6.1.0@sha256:6ec7c2455c437aba71f856b797e7db440c83719509aa63a9a3d1b4652ca3683d,1941
    pantry-tree:
      size: 1054
      sha256: 20392469fdee1af6cd58f492fa62b1af780600bbae088884efb7f42e1d31c8d4
  original:
    hackage: primitive-0.6.1.0
- completed:
    hackage: QuickCheck-2.8.2@sha256:0a16beb2f0419af865703559747975b09c9c3204bd81271299f76e1edd0ab389,5270
    pantry-tree:
      size: 1298
      sha256: b4bae21f1b5381bca612279182745a04860aeb245d51854786488b8eacfecb80
  original:
    hackage: QuickCheck-2.8.2
- completed:
    hackage: random-1.1@sha256:7b67624fd76ddf97c206de0801dc7e888097e9d572974be9b9ea6551d76965df,1777
    pantry-tree:
      size: 637
      sha256: 14a1b01728c5584e87c9fa00746a66e28ffd89dd2c0eabd334c8463953496e1b
  original:
    hackage: random-1.1
- completed:
    hackage: regex-base-0.93.2@sha256:6d4307e6732c9b3c01fa6b7c6e2c2e578dc844804b9de73dc55832de4b1d7a36,2035
    pantry-tree:
      size: 414
      sha256: 2a73603e5b1111aee45fa05b24aca7d7df7f0f1a277115969f04b5e5ed7efb41
  original:
    hackage: regex-base-0.93.2
- completed:
    hackage: regex-compat-0.95.1@sha256:2891bccc0ca8d020928d73a99d54a6a17434e907871a9d8d3f80e299c125e379,1738
    pantry-tree:
      size: 210
      sha256: 81d47511243f705072a7cdd5a8647c76871787b7ddf57e5b5cdb9f3cc11678bd
  original:
    hackage: regex-compat-0.95.1
- completed:
    hackage: regex-posix-0.95.2@sha256:08588c9e6e560f515009813702bf7dee5fcd21ef82e4e0d4c8a38f956be534ff,3895
    pantry-tree:
      size: 1295
      sha256: 5740088a856af5ef97dd822ea67a74063dfb97701bbe6c2e91500d1d94d06ebf
  original:
    hackage: regex-posix-0.95.2
- completed:
    hackage: scientific-0.3.4.9@sha256:833f5960e622c7346c3c02547538da037bcc4eececc00ba2ab9412eabdb71d61,4874
    pantry-tree:
      size: 809
      sha256: 4b39b3604b97c55db312395144e94b232c04f8a18013d4d591ddeb0b97860b19
  original:
    hackage: scientific-0.3.4.9
- completed:
    hackage: split-0.2.3.1@sha256:6089e920a72947806dff273664af651f5f128339fab9fc1d823bfedb102a6ecd,2592
    pantry-tree:
      size: 439
      sha256: 20389ba5ad5cd91cc00723fc7777022389a3f0aebeb970124f7a2df06342fef9
  original:
    hackage: split-0.2.3.1
- completed:
    hackage: StateVar-1.1.0.4@sha256:72683caac0336db38b0ef0544735f76e57565ac2e254fd4b2e061d2e03f32c35,1366
    pantry-tree:
      size: 313
      sha256: 1c1ba3df71ea7d6e6730c784a166898fb72cb32b117645e54f582e1610c731ca
  original:
    hackage: StateVar-1.1.0.4
- completed:
    hackage: stm-2.4.4.1@sha256:49cfd80cba95f84d42eda0045346c8a567df5ce434d4da3d26ac3e977826fc4f,1563
    pantry-tree:
      size: 898
      sha256: 54c488c9302afdfdfd22c639764e057bbf38d44b5e2007e4809d54a56c15b653
  original:
    hackage: stm-2.4.4.1
- completed:
    hackage: syb-0.6@sha256:9d5ac26aa923516a2e3705275dff1fa7bff989ff4b607668acc1264c6d7b1695,2462
    pantry-tree:
      size: 3345
      sha256: 48b20a7301e11a5f432752be5a8c4713918df0113d6426b9e8eca81cab60500d
  original:
    hackage: syb-0.6
- completed:
    hackage: text-1.2.2.1@sha256:1c6ffad395d1674915cc9fda1d3b8f202ddcbfda7c341eb8bd99de67d3283bf9,5724
    pantry-tree:
      size: 7376
      sha256: ac2601c49cf7bc0f5d66b2793eddc8352f51a6ee989980827a0d0d8169700a03
  original:
    hackage: text-1.2.2.1
- completed:
    hackage: tf-random-0.5@sha256:14012837d0f0e18fdbbe3d56e67da8622ee5e20b180abce952dd50bd9f36b326,3983
    pantry-tree:
      size: 941
      sha256: d6483580cfea846cbf23ff1d7a67849546d5096425b6d61318a34554043b4ffb
  original:
    hackage: tf-random-0.5
- completed:
    hackage: unordered-containers-0.2.7.1@sha256:7a1ceb6d88c0f16ec417f28dac16f6dc7b10e88fbb536a74d84941ad2f57b74b,4367
    pantry-tree:
      size: 1286
      sha256: 8a8f745cacae3c11a9c6e6c2fcefc95a13d0c153a8e14b4d28485db1b59d9ef3
  original:
    hackage: unordered-containers-0.2.7.1
- completed:
    hackage: vector-0.11.0.0@sha256:2bfafd758ab4d80fa7a16b0a650aff60fb1be109728bed6ede144baf1f744ace,6061
    pantry-tree:
      size: 3356
      sha256: 93d1e4b68d07dcd7ad296de97d987d15b8aae53a857c8bc8b6a9b00e86d8dcd2
  original:
    hackage: vector-0.11.0.0
- completed:
    hackage: zlib-0.6.1.2@sha256:196839a58b9b73aead4a4bf1aa6cf68277556a86ccc56a9fdaec3c1c67c5dfe4,4138
    pantry-tree:
      size: 2536
      sha256: 92b5ff2176840f52195ff064314e3a54eb97481d75ff5179e341af75bb1999d3
  original:
    hackage: zlib-0.6.1.2
snapshots: []
